// !$*UTF8*$!
{
	archiveVersion = 1;
	classes = {
	};
	objectVersion = 48;
	objects = {

/* Begin PBXBuildFile section */
		6809D70A200DAA88001B524E /* AppDelegate.swift in Sources */ = {isa = PBXBuildFile; fileRef = 6809D709200DAA88001B524E /* AppDelegate.swift */; };
		6809D70C200DAA88001B524E /* ViewController.swift in Sources */ = {isa = PBXBuildFile; fileRef = 6809D70B200DAA88001B524E /* ViewController.swift */; };
		6809D70F200DAA88001B524E /* Main.storyboard in Resources */ = {isa = PBXBuildFile; fileRef = 6809D70D200DAA88001B524E /* Main.storyboard */; };
		6809D711200DAA88001B524E /* Assets.xcassets in Resources */ = {isa = PBXBuildFile; fileRef = 6809D710200DAA88001B524E /* Assets.xcassets */; };
		6809D714200DAA88001B524E /* LaunchScreen.storyboard in Resources */ = {isa = PBXBuildFile; fileRef = 6809D712200DAA88001B524E /* LaunchScreen.storyboard */; };
		68CFF2EF200E147F00935792 /* table.jpeg in Resources */ = {isa = PBXBuildFile; fileRef = 68CFF2EE200E147F00935792 /* table.jpeg */; };
		68CFF2F1200E195900935792 /* blk.png in Resources */ = {isa = PBXBuildFile; fileRef = 68CFF2F0200E195900935792 /* blk.png */; };
		68CFF2F3200E196600935792 /* red.png in Resources */ = {isa = PBXBuildFile; fileRef = 68CFF2F2200E196600935792 /* red.png */; };
		68CFF2F5200E197200935792 /* rh.png in Resources */ = {isa = PBXBuildFile; fileRef = 68CFF2F4200E197200935792 /* rh.png */; };
		68CFF2F7200E197D00935792 /* lh.png in Resources */ = {isa = PBXBuildFile; fileRef = 68CFF2F6200E197D00935792 /* lh.png */; };
/* End PBXBuildFile section */

/* Begin PBXFileReference section */
		6809D706200DAA88001B524E /* homaworkOmikuji.app */ = {isa = PBXFileReference; explicitFileType = wrapper.application; includeInIndex = 0; path = homaworkOmikuji.app; sourceTree = BUILT_PRODUCTS_DIR; };
		6809D709200DAA88001B524E /* AppDelegate.swift */ = {isa = PBXFileReference; lastKnownFileType = sourcecode.swift; path = AppDelegate.swift; sourceTree = "<group>"; };
		6809D70B200DAA88001B524E /* ViewController.swift */ = {isa = PBXFileReference; lastKnownFileType = sourcecode.swift; path = ViewController.swift; sourceTree = "<group>"; };
		6809D70E200DAA88001B524E /* Base */ = {isa = PBXFileReference; lastKnownFileType = file.storyboard; name = Base; path = Base.lproj/Main.storyboard; sourceTree = "<group>"; };
		6809D710200DAA88001B524E /* Assets.xcassets */ = {isa = PBXFileReference; lastKnownFileType = folder.assetcatalog; path = Assets.xcassets; sourceTree = "<group>"; };
		6809D713200DAA88001B524E /* Base */ = {isa = PBXFileReference; lastKnownFileType = file.storyboard; name = Base; path = Base.lproj/LaunchScreen.storyboard; sourceTree = "<group>"; };
		6809D715200DAA88001B524E /* Info.plist */ = {isa = PBXFileReference; lastKnownFileType = text.plist.xml; path = Info.plist; sourceTree = "<group>"; };
		68CFF2EE200E147F00935792 /* table.jpeg */ = {isa = PBXFileReference; lastKnownFileType = image.jpeg; path = table.jpeg; sourceTree = "<group>"; };
		68CFF2F0200E195900935792 /* blk.png */ = {isa = PBXFileReference; lastKnownFileType = image.png; path = blk.png; sourceTree = "<group>"; };
		68CFF2F2200E196600935792 /* red.png */ = {isa = PBXFileReference; lastKnownFileType = image.png; path = red.png; sourceTree = "<group>"; };
		68CFF2F4200E197200935792 /* rh.png */ = {isa = PBXFileReference; lastKnownFileType = image.png; path = rh.png; sourceTree = "<group>"; };
		68CFF2F6200E197D00935792 /* lh.png */ = {isa = PBXFileReference; lastKnownFileType = image.png; path = lh.png; sourceTree = "<group>"; };
/* End PBXFileReference section */

/* Begin PBXFrameworksBuildPhase section */
		6809D703200DAA88001B524E /* Frameworks */ = {
			isa = PBXFrameworksBuildPhase;
			buildActionMask = 2147483647;
			files = (
			);
			runOnlyForDeploymentPostprocessing = 0;
		};
/* End PBXFrameworksBuildPhase section */

/* Begin PBXGroup section */
		6809D6FD200DAA88001B524E = {
			isa = PBXGroup;
			children = (
				6809D708200DAA88001B524E /* homaworkOmikuji */,
				6809D707200DAA88001B524E /* Products */,
			);
			sourceTree = "<group>";
		};
		6809D707200DAA88001B524E /* Products */ = {
			isa = PBXGroup;
			children = (
				6809D706200DAA88001B524E /* homaworkOmikuji.app */,
			);
			name = Products;
			sourceTree = "<group>";
		};
		6809D708200DAA88001B524E /* homaworkOmikuji */ = {
			isa = PBXGroup;
			children = (
				68CFF2EE200E147F00935792 /* table.jpeg */,
				68CFF2F0200E195900935792 /* blk.png */,
				68CFF2F2200E196600935792 /* red.png */,
				68CFF2F4200E197200935792 /* rh.png */,
				68CFF2F6200E197D00935792 /* lh.png */,
				6809D709200DAA88001B524E /* AppDelegate.swift */,
				6809D70B200DAA88001B524E /* ViewController.swift */,
				6809D70D200DAA88001B524E /* Main.storyboard */,
				6809D710200DAA88001B524E /* Assets.xcassets */,
				6809D712200DAA88001B524E /* LaunchScreen.storyboard */,
				6809D715200DAA88001B524E /* Info.plist */,
			);
			path = homaworkOmikuji;
			sourceTree = "<group>";
		};
/* End PBXGroup section */

/* Begin PBXNativeTarget section */
		6809D705200DAA88001B524E /* homaworkOmikuji */ = {
			isa = PBXNativeTarget;
			buildConfigurationList = 6809D718200DAA88001B524E /* Build configuration list for PBXNativeTarget "homaworkOmikuji" */;
			buildPhases = (
				6809D702200DAA88001B524E /* Sources */,
				6809D703200DAA88001B524E /* Frameworks */,
				6809D704200DAA88001B524E /* Resources */,
			);
			buildRules = (
			);
			dependencies = (
			);
			name = homaworkOmikuji;
			productName = homaworkOmikuji;
			productReference = 6809D706200DAA88001B524E /* homaworkOmikuji.app */;
			productType = "com.apple.product-type.application";
		};
/* End PBXNativeTarget section */

/* Begin PBXProject section */
		6809D6FE200DAA88001B524E /* Project object */ = {
			isa = PBXProject;
			attributes = {
				LastSwiftUpdateCheck = 0920;
				LastUpgradeCheck = 0920;
				ORGANIZATIONNAME = "今川博司";
				TargetAttributes = {
					6809D705200DAA88001B524E = {
						CreatedOnToolsVersion = 9.2;
						ProvisioningStyle = Automatic;
					};
				};
			};
			buildConfigurationList = 6809D701200DAA88001B524E /* Build configuration list for PBXProject "homaworkOmikuji" */;
			compatibilityVersion = "Xcode 8.0";
			developmentRegion = en;
			hasScannedForEncodings = 0;
			knownRegions = (
				en,
				Base,
			);
			mainGroup = 6809D6FD200DAA88001B524E;
			productRefGroup = 6809D707200DAA88001B524E /* Products */;
			projectDirPath = "";
			projectRoot = "";
			targets = (
				6809D705200DAA88001B524E /* homaworkOmikuji */,
			);
		};
/* End PBXProject section */

/* Begin PBXResourcesBuildPhase section */
		6809D704200DAA88001B524E /* Resources */ = {
			isa = PBXResourcesBuildPhase;
			buildActionMask = 2147483647;
			files = (
				6809D714200DAA88001B524E /* LaunchScreen.storyboard in Resources */,
				68CFF2F1200E195900935792 /* blk.png in Resources */,
				6809D711200DAA88001B524E /* Assets.xcassets in Resources */,
				68CFF2F3200E196600935792 /* red.png in Resources */,
				68CFF2EF200E147F00935792 /* table.jpeg in Resources */,
				68CFF2F7200E197D00935792 /* lh.png in Resources */,
				6809D70F200DAA88001B524E /* Main.storyboard in Resources */,
				68CFF2F5200E197200935792 /* rh.png in Resources */,
			);
			runOnlyForDeploymentPostprocessing = 0;
		};
/* End PBXResourcesBuildPhase section */

/* Begin PBXSourcesBuildPhase section */
		6809D702200DAA88001B524E /* Sources */ = {
			isa = PBXSourcesBuildPhase;
			buildActionMask = 2147483647;
			files = (
				6809D70C200DAA88001B524E /* ViewController.swift in Sources */,
				6809D70A200DAA88001B524E /* AppDelegate.swift in Sources */,
			);
			runOnlyForDeploymentPostprocessing = 0;
		};
/* End PBXSourcesBuildPhase section */

/* Begin PBXVariantGroup section */
		6809D70D200DAA88001B524E /* Main.storyboard */ = {
			isa = PBXVariantGroup;
			children = (
				6809D70E200DAA88001B524E /* Base */,
			);
			name = Main.storyboard;
			sourceTree = "<group>";
		};
		6809D712200DAA88001B524E /* LaunchScreen.storyboard */ = {
			isa = PBXVariantGroup;
			children = (
				6809D713200DAA88001B524E /* Base */,
			);
			name = LaunchScreen.storyboard;
			sourceTree = "<group>";
		};
/* End PBXVariantGroup section */

/* Begin XCBuildConfiguration section */
		6809D716200DAA88001B524E /* Debug */ = {
			isa = XCBuildConfiguration;
			buildSettings = {
				ALWAYS_SEARCH_USER_PATHS = NO;
				CLANG_ANALYZER_NONNULL = YES;
				CLANG_ANALYZER_NUMBER_OBJECT_CONVERSION = YES_AGGRESSIVE;
				CLANG_CXX_LANGUAGE_STANDARD = "gnu++14";
				CLANG_CXX_LIBRARY = "libc++";
				CLANG_ENABLE_MODULES = YES;
				CLANG_ENABLE_OBJC_ARC = YES;
				CLANG_WARN_BLOCK_CAPTURE_AUTORELEASING = YES;
				CLANG_WARN_BOOL_CONVERSION = YES;
				CLANG_WARN_COMMA = YES;
				CLANG_WARN_CONSTANT_CONVERSION = YES;
				CLANG_WARN_DIRECT_OBJC_ISA_USAGE = YES_ERROR;
				CLANG_WARN_DOCUMENTATION_COMMENTS = YES;
				CLANG_WARN_EMPTY_BODY = YES;
				CLANG_WARN_ENUM_CONVERSION = YES;
				CLANG_WARN_INFINITE_RECURSION = YES;
				CLANG_WARN_INT_CONVERSION = YES;
				CLANG_WARN_NON_LITERAL_NULL_CONVERSION = YES;
				CLANG_WARN_OBJC_LITERAL_CONVERSION = YES;
				CLANG_WARN_OBJC_ROOT_CLASS = YES_ERROR;
				CLANG_WARN_RANGE_LOOP_ANALYSIS = YES;
				CLANG_WARN_STRICT_PROTOTYPES = YES;
				CLANG_WARN_SUSPICIOUS_MOVE = YES;
				CLANG_WARN_UNGUARDED_AVAILABILITY = YES_AGGRESSIVE;
				CLANG_WARN_UNREACHABLE_CODE = YES;
				CLANG_WARN__DUPLICATE_METHOD_MATCH = YES;
				CODE_SIGN_IDENTITY = "iPhone Developer";
				COPY_PHASE_STRIP = NO;
				DEBUG_INFORMATION_FORMAT = dwarf;
				ENABLE_STRICT_OBJC_MSGSEND = YES;
				ENABLE_TESTABILITY = YES;
				GCC_C_LANGUAGE_STANDARD = gnu11;
				GCC_DYNAMIC_NO_PIC = NO;
				GCC_NO_COMMON_BLOCKS = YES;
				GCC_OPTIMIZATION_LEVEL = 0;
				GCC_PREPROCESSOR_DEFINITIONS = (
					"DEBUG=1",
					"$(inherited)",
				);
				GCC_WARN_64_TO_32_BIT_CONVERSION = YES;
				GCC_WARN_ABOUT_RETURN_TYPE = YES_ERROR;
				GCC_WARN_UNDECLARED_SELECTOR = YES;
				GCC_WARN_UNINITIALIZED_AUTOS = YES_AGGRESSIVE;
				GCC_WARN_UNUSED_FUNCTION = YES;
				GCC_WARN_UNUSED_VARIABLE = YES;
				IPHONEOS_DEPLOYMENT_TARGET = 11.2;
				MTL_ENABLE_DEBUG_INFO = YES;
				ONLY_ACTIVE_ARCH = YES;
				SDKROOT = iphoneos;
				SWIFT_ACTIVE_COMPILATION_CONDITIONS = DEBUG;
				SWIFT_OPTIMIZATION_LEVEL = "-Onone";
			};
			name = Debug;
		};
		6809D717200DAA88001B524E /* Release */ = {
			isa = XCBuildConfiguration;
			buildSettings = {
				ALWAYS_SEARCH_USER_PATHS = NO;
				CLANG_ANALYZER_NONNULL = YES;
				CLANG_ANALYZER_NUMBER_OBJECT_CONVERSION = YES_AGGRESSIVE;
				CLANG_CXX_LANGUAGE_STANDARD = "gnu++14";
				CLANG_CXX_LIBRARY = "libc++";
				CLANG_ENABLE_MODULES = YES;
				CLANG_ENABLE_OBJC_ARC = YES;
				CLANG_WARN_BLOCK_CAPTURE_AUTORELEASING = YES;
				CLANG_WARN_BOOL_CONVERSION = YES;
				CLANG_WARN_COMMA = YES;
				CLANG_WARN_CONSTANT_CONVERSION = YES;
				CLANG_WARN_DIRECT_OBJC_ISA_USAGE = YES_ERROR;
				CLANG_WARN_DOCUMENTATION_COMMENTS = YES;
				CLANG_WARN_EMPTY_BODY = YES;
				CLANG_WARN_ENUM_CONVERSION = YES;
				CLANG_WARN_INFINITE_RECURSION = YES;
				CLANG_WARN_INT_CONVERSION = YES;
				CLANG_WARN_NON_LITERAL_NULL_CONVERSION = YES;
				CLANG_WARN_OBJC_LITERAL_CONVERSION = YES;
				CLANG_WARN_OBJC_ROOT_CLASS = YES_ERROR;
				CLANG_WARN_RANGE_LOOP_ANALYSIS = YES;
				CLANG_WARN_STRICT_PROTOTYPES = YES;
				CLANG_WARN_SUSPICIOUS_MOVE = YES;
				CLANG_WARN_UNGUARDED_AVAILABILITY = YES_AGGRESSIVE;
				CLANG_WARN_UNREACHABLE_CODE = YES;
				CLANG_WARN__DUPLICATE_METHOD_MATCH = YES;
				CODE_SIGN_IDENTITY = "iPhone Developer";
				COPY_PHASE_STRIP = NO;
				DEBUG_INFORMATION_FORMAT = "dwarf-with-dsym";
				ENABLE_NS_ASSERTIONS = NO;
				ENABLE_STRICT_OBJC_MSGSEND = YES;
				GCC_C_LANGUAGE_STANDARD = gnu11;
				GCC_NO_COMMON_BLOCKS = YES;
				GCC_WARN_64_TO_32_BIT_CONVERSION = YES;
				GCC_WARN_ABOUT_RETURN_TYPE = YES_ERROR;
				GCC_WARN_UNDECLARED_SELECTOR = YES;
				GCC_WARN_UNINITIALIZED_AUTOS = YES_AGGRESSIVE;
				GCC_WARN_UNUSED_FUNCTION = YES;
				GCC_WARN_UNUSED_VARIABLE = YES;
				IPHONEOS_DEPLOYMENT_TARGET = 11.2;
				MTL_ENABLE_DEBUG_INFO = NO;
				SDKROOT = iphoneos;
				SWIFT_OPTIMIZATION_LEVEL = "-Owholemodule";
				VALIDATE_PRODUCT = YES;
			};
			name = Release;
		};
		6809D719200DAA88001B524E /* Debug */ = {
			isa = XCBuildConfiguration;
			buildSettings = {
				ASSETCATALOG_COMPILER_APPICON_NAME = AppIcon;
				CODE_SIGN_STYLE = Automatic;
				INFOPLIST_FILE = homaworkOmikuji/Info.plist;
				LD_RUNPATH_SEARCH_PATHS = "$(inherited) @executable_path/Frameworks";
				PRODUCT_BUNDLE_IDENTIFIER = com.ima.homaworkOmikuji;
				PRODUCT_NAME = "$(TARGET_NAME)";
				SWIFT_VERSION = 4.0;
				TARGETED_DEVICE_FAMILY = "1,2";
			};
			name = Debug;
		};
		6809D71A200DAA88001B524E /* Release */ = {
			isa = XCBuildConfiguration;
			buildSettings = {
				ASSETCATALOG_COMPILER_APPICON_NAME = AppIcon;
				CODE_SIGN_STYLE = Automatic;
				INFOPLIST_FILE = homaworkOmikuji/Info.plist;
				LD_RUNPATH_SEARCH_PATHS = "$(inherited) @executable_path/Frameworks";
				PRODUCT_BUNDLE_IDENTIFIER = com.ima.homaworkOmikuji;
				PRODUCT_NAME = "$(TARGET_NAME)";
				SWIFT_VERSION = 4.0;
				TARGETED_DEVICE_FAMILY = "1,2";
			};
			name = Release;
		};
/* End XCBuildConfiguration section */

/* Begin XCConfigurationList section */
		6809D701200DAA88001B524E /* Build configuration list for PBXProject "homaworkOmikuji" */ = {
			isa = XCConfigurationList;
			buildConfigurations = (
				6809D716200DAA88001B524E /* Debug */,
				6809D717200DAA88001B524E /* Release */,
			);
			defaultConfigurationIsVisible = 0;
			defaultConfigurationName = Release;
		};
		6809D718200DAA88001B524E /* Build configuration list for PBXNativeTarget "homaworkOmikuji" */ = {
			isa = XCConfigurationList;
			buildConfigurations = (
				6809D719200DAA88001B524E /* Debug */,
				6809D71A200DAA88001B524E /* Release */,
			);
			defaultConfigurationIsVisible = 0;
			defaultConfigurationName = Release;
		};
/* End XCConfigurationList section */
	};
	rootObject = 6809D6FE200DAA88001B524E /* Project object */;
}
